// !$*UTF8*$!
{
	archiveVersion = 1;
	classes = {
	};
	objectVersion = 50;
	objects = {

/* Begin PBXBuildFile section */
		F20C98C52386A4CE00D1B9DF /* AppDelegate.swift in Sources */ = {isa = PBXBuildFile; fileRef = F20C98C42386A4CE00D1B9DF /* AppDelegate.swift */; };
		F20C98C72386A4CE00D1B9DF /* SceneDelegate.swift in Sources */ = {isa = PBXBuildFile; fileRef = F20C98C62386A4CE00D1B9DF /* SceneDelegate.swift */; };
		F20C98CC2386A4CE00D1B9DF /* Main.storyboard in Resources */ = {isa = PBXBuildFile; fileRef = F20C98CA2386A4CE00D1B9DF /* Main.storyboard */; };
		F20C98CE2386A4CF00D1B9DF /* Assets.xcassets in Resources */ = {isa = PBXBuildFile; fileRef = F20C98CD2386A4CF00D1B9DF /* Assets.xcassets */; };
		F20C98D12386A4CF00D1B9DF /* LaunchScreen.storyboard in Resources */ = {isa = PBXBuildFile; fileRef = F20C98CF2386A4CF00D1B9DF /* LaunchScreen.storyboard */; };
		F20C98DC2386A4CF00D1B9DF /* WeatherInfoAppTests.swift in Sources */ = {isa = PBXBuildFile; fileRef = F20C98DB2386A4CF00D1B9DF /* WeatherInfoAppTests.swift */; };
		F20C98E72386A4CF00D1B9DF /* WeatherInfoAppUITests.swift in Sources */ = {isa = PBXBuildFile; fileRef = F20C98E62386A4CF00D1B9DF /* WeatherInfoAppUITests.swift */; };
		F20C98F52386A58700D1B9DF /* WeatherInfoCell.swift in Sources */ = {isa = PBXBuildFile; fileRef = F20C98F42386A58700D1B9DF /* WeatherInfoCell.swift */; };
		F20C98F72386A5BA00D1B9DF /* WeatherTableViewController.swift in Sources */ = {isa = PBXBuildFile; fileRef = F20C98F62386A5BA00D1B9DF /* WeatherTableViewController.swift */; };
		F20C98F92386A5DD00D1B9DF /* APIClient.swift in Sources */ = {isa = PBXBuildFile; fileRef = F20C98F82386A5DD00D1B9DF /* APIClient.swift */; };
		F20C98FB2386A5FF00D1B9DF /* WeatherDetails.swift in Sources */ = {isa = PBXBuildFile; fileRef = F20C98FA2386A5FF00D1B9DF /* WeatherDetails.swift */; };
/* End PBXBuildFile section */

/* Begin PBXContainerItemProxy section */
		F20C98D82386A4CF00D1B9DF /* PBXContainerItemProxy */ = {
			isa = PBXContainerItemProxy;
			containerPortal = F20C98B92386A4CE00D1B9DF /* Project object */;
			proxyType = 1;
			remoteGlobalIDString = F20C98C02386A4CE00D1B9DF;
			remoteInfo = WeatherInfoApp;
		};
		F20C98E32386A4CF00D1B9DF /* PBXContainerItemProxy */ = {
			isa = PBXContainerItemProxy;
			containerPortal = F20C98B92386A4CE00D1B9DF /* Project object */;
			proxyType = 1;
			remoteGlobalIDString = F20C98C02386A4CE00D1B9DF;
			remoteInfo = WeatherInfoApp;
		};
/* End PBXContainerItemProxy section */

/* Begin PBXFileReference section */
		F20C98C12386A4CE00D1B9DF /* WeatherInfoApp.app */ = {isa = PBXFileReference; explicitFileType = wrapper.application; includeInIndex = 0; path = WeatherInfoApp.app; sourceTree = BUILT_PRODUCTS_DIR; };
		F20C98C42386A4CE00D1B9DF /* AppDelegate.swift */ = {isa = PBXFileReference; lastKnownFileType = sourcecode.swift; path = AppDelegate.swift; sourceTree = "<group>"; };
		F20C98C62386A4CE00D1B9DF /* SceneDelegate.swift */ = {isa = PBXFileReference; lastKnownFileType = sourcecode.swift; path = SceneDelegate.swift; sourceTree = "<group>"; };
		F20C98CB2386A4CE00D1B9DF /* Base */ = {isa = PBXFileReference; lastKnownFileType = file.storyboard; name = Base; path = Base.lproj/Main.storyboard; sourceTree = "<group>"; };
		F20C98CD2386A4CF00D1B9DF /* Assets.xcassets */ = {isa = PBXFileReference; lastKnownFileType = folder.assetcatalog; path = Assets.xcassets; sourceTree = "<group>"; };
		F20C98D02386A4CF00D1B9DF /* Base */ = {isa = PBXFileReference; lastKnownFileType = file.storyboard; name = Base; path = Base.lproj/LaunchScreen.storyboard; sourceTree = "<group>"; };
		F20C98D22386A4CF00D1B9DF /* Info.plist */ = {isa = PBXFileReference; lastKnownFileType = text.plist.xml; path = Info.plist; sourceTree = "<group>"; };
		F20C98D72386A4CF00D1B9DF /* WeatherInfoAppTests.xctest */ = {isa = PBXFileReference; explicitFileType = wrapper.cfbundle; includeInIndex = 0; path = WeatherInfoAppTests.xctest; sourceTree = BUILT_PRODUCTS_DIR; };
		F20C98DB2386A4CF00D1B9DF /* WeatherInfoAppTests.swift */ = {isa = PBXFileReference; lastKnownFileType = sourcecode.swift; path = WeatherInfoAppTests.swift; sourceTree = "<group>"; };
		F20C98DD2386A4CF00D1B9DF /* Info.plist */ = {isa = PBXFileReference; lastKnownFileType = text.plist.xml; path = Info.plist; sourceTree = "<group>"; };
		F20C98E22386A4CF00D1B9DF /* WeatherInfoAppUITests.xctest */ = {isa = PBXFileReference; explicitFileType = wrapper.cfbundle; includeInIndex = 0; path = WeatherInfoAppUITests.xctest; sourceTree = BUILT_PRODUCTS_DIR; };
		F20C98E62386A4CF00D1B9DF /* WeatherInfoAppUITests.swift */ = {isa = PBXFileReference; lastKnownFileType = sourcecode.swift; path = WeatherInfoAppUITests.swift; sourceTree = "<group>"; };
		F20C98E82386A4CF00D1B9DF /* Info.plist */ = {isa = PBXFileReference; lastKnownFileType = text.plist.xml; path = Info.plist; sourceTree = "<group>"; };
		F20C98F42386A58700D1B9DF /* WeatherInfoCell.swift */ = {isa = PBXFileReference; fileEncoding = 4; lastKnownFileType = sourcecode.swift; path = WeatherInfoCell.swift; sourceTree = "<group>"; };
		F20C98F62386A5BA00D1B9DF /* WeatherTableViewController.swift */ = {isa = PBXFileReference; fileEncoding = 4; lastKnownFileType = sourcecode.swift; path = WeatherTableViewController.swift; sourceTree = "<group>"; };
		F20C98F82386A5DD00D1B9DF /* APIClient.swift */ = {isa = PBXFileReference; fileEncoding = 4; lastKnownFileType = sourcecode.swift; path = APIClient.swift; sourceTree = "<group>"; };
		F20C98FA2386A5FF00D1B9DF /* WeatherDetails.swift */ = {isa = PBXFileReference; lastKnownFileType = sourcecode.swift; path = WeatherDetails.swift; sourceTree = "<group>"; };
/* End PBXFileReference section */

/* Begin PBXFrameworksBuildPhase section */
		F20C98BE2386A4CE00D1B9DF /* Frameworks */ = {
			isa = PBXFrameworksBuildPhase;
			buildActionMask = 2147483647;
			files = (
			);
			runOnlyForDeploymentPostprocessing = 0;
		};
		F20C98D42386A4CF00D1B9DF /* Frameworks */ = {
			isa = PBXFrameworksBuildPhase;
			buildActionMask = 2147483647;
			files = (
			);
			runOnlyForDeploymentPostprocessing = 0;
		};
		F20C98DF2386A4CF00D1B9DF /* Frameworks */ = {
			isa = PBXFrameworksBuildPhase;
			buildActionMask = 2147483647;
			files = (
			);
			runOnlyForDeploymentPostprocessing = 0;
		};
/* End PBXFrameworksBuildPhase section */

/* Begin PBXGroup section */
		F20C98B82386A4CE00D1B9DF = {
			isa = PBXGroup;
			children = (
				F20C98C32386A4CE00D1B9DF /* WeatherInfoApp */,
				F20C98DA2386A4CF00D1B9DF /* WeatherInfoAppTests */,
				F20C98E52386A4CF00D1B9DF /* WeatherInfoAppUITests */,
				F20C98C22386A4CE00D1B9DF /* Products */,
			);
			sourceTree = "<group>";
		};
		F20C98C22386A4CE00D1B9DF /* Products */ = {
			isa = PBXGroup;
			children = (
				F20C98C12386A4CE00D1B9DF /* WeatherInfoApp.app */,
				F20C98D72386A4CF00D1B9DF /* WeatherInfoAppTests.xctest */,
				F20C98E22386A4CF00D1B9DF /* WeatherInfoAppUITests.xctest */,
			);
			name = Products;
			sourceTree = "<group>";
		};
		F20C98C32386A4CE00D1B9DF /* WeatherInfoApp */ = {
			isa = PBXGroup;
			children = (
				F20C98C42386A4CE00D1B9DF /* AppDelegate.swift */,
				F20C98C62386A4CE00D1B9DF /* SceneDelegate.swift */,
				F20C98F62386A5BA00D1B9DF /* WeatherTableViewController.swift */,
				F20C98F42386A58700D1B9DF /* WeatherInfoCell.swift */,
				F20C98F82386A5DD00D1B9DF /* APIClient.swift */,
				F20C98FA2386A5FF00D1B9DF /* WeatherDetails.swift */,
				F20C98CA2386A4CE00D1B9DF /* Main.storyboard */,
				F20C98CD2386A4CF00D1B9DF /* Assets.xcassets */,
				F20C98CF2386A4CF00D1B9DF /* LaunchScreen.storyboard */,
				F20C98D22386A4CF00D1B9DF /* Info.plist */,
			);
			path = WeatherInfoApp;
			sourceTree = "<group>";
		};
		F20C98DA2386A4CF00D1B9DF /* WeatherInfoAppTests */ = {
			isa = PBXGroup;
			children = (
				F20C98DB2386A4CF00D1B9DF /* WeatherInfoAppTests.swift */,
				F20C98DD2386A4CF00D1B9DF /* Info.plist */,
			);
			path = WeatherInfoAppTests;
			sourceTree = "<group>";
		};
		F20C98E52386A4CF00D1B9DF /* WeatherInfoAppUITests */ = {
			isa = PBXGroup;
			children = (
				F20C98E62386A4CF00D1B9DF /* WeatherInfoAppUITests.swift */,
				F20C98E82386A4CF00D1B9DF /* Info.plist */,
			);
			path = WeatherInfoAppUITests;
			sourceTree = "<group>";
		};
/* End PBXGroup section */

/* Begin PBXNativeTarget section */
		F20C98C02386A4CE00D1B9DF /* WeatherInfoApp */ = {
			isa = PBXNativeTarget;
			buildConfigurationList = F20C98EB2386A4CF00D1B9DF /* Build configuration list for PBXNativeTarget "WeatherInfoApp" */;
			buildPhases = (
				F20C98BD2386A4CE00D1B9DF /* Sources */,
				F20C98BE2386A4CE00D1B9DF /* Frameworks */,
				F20C98BF2386A4CE00D1B9DF /* Resources */,
			);
			buildRules = (
			);
			dependencies = (
			);
			name = WeatherInfoApp;
			productName = WeatherInfoApp;
			productReference = F20C98C12386A4CE00D1B9DF /* WeatherInfoApp.app */;
			productType = "com.apple.product-type.application";
		};
		F20C98D62386A4CF00D1B9DF /* WeatherInfoAppTests */ = {
			isa = PBXNativeTarget;
			buildConfigurationList = F20C98EE2386A4CF00D1B9DF /* Build configuration list for PBXNativeTarget "WeatherInfoAppTests" */;
			buildPhases = (
				F20C98D32386A4CF00D1B9DF /* Sources */,
				F20C98D42386A4CF00D1B9DF /* Frameworks */,
				F20C98D52386A4CF00D1B9DF /* Resources */,
			);
			buildRules = (
			);
			dependencies = (
				F20C98D92386A4CF00D1B9DF /* PBXTargetDependency */,
			);
			name = WeatherInfoAppTests;
			productName = WeatherInfoAppTests;
			productReference = F20C98D72386A4CF00D1B9DF /* WeatherInfoAppTests.xctest */;
			productType = "com.apple.product-type.bundle.unit-test";
		};
		F20C98E12386A4CF00D1B9DF /* WeatherInfoAppUITests */ = {
			isa = PBXNativeTarget;
			buildConfigurationList = F20C98F12386A4CF00D1B9DF /* Build configuration list for PBXNativeTarget "WeatherInfoAppUITests" */;
			buildPhases = (
				F20C98DE2386A4CF00D1B9DF /* Sources */,
				F20C98DF2386A4CF00D1B9DF /* Frameworks */,
				F20C98E02386A4CF00D1B9DF /* Resources */,
			);
			buildRules = (
			);
			dependencies = (
				F20C98E42386A4CF00D1B9DF /* PBXTargetDependency */,
			);
			name = WeatherInfoAppUITests;
			productName = WeatherInfoAppUITests;
			productReference = F20C98E22386A4CF00D1B9DF /* WeatherInfoAppUITests.xctest */;
			productType = "com.apple.product-type.bundle.ui-testing";
		};
/* End PBXNativeTarget section */

/* Begin PBXProject section */
		F20C98B92386A4CE00D1B9DF /* Project object */ = {
			isa = PBXProject;
			attributes = {
				LastSwiftUpdateCheck = 1110;
				LastUpgradeCheck = 1110;
				ORGANIZATIONNAME = "Vinay Kumar";
				TargetAttributes = {
					F20C98C02386A4CE00D1B9DF = {
						CreatedOnToolsVersion = 11.1;
					};
					F20C98D62386A4CF00D1B9DF = {
						CreatedOnToolsVersion = 11.1;
						TestTargetID = F20C98C02386A4CE00D1B9DF;
					};
					F20C98E12386A4CF00D1B9DF = {
						CreatedOnToolsVersion = 11.1;
						TestTargetID = F20C98C02386A4CE00D1B9DF;
					};
				};
			};
			buildConfigurationList = F20C98BC2386A4CE00D1B9DF /* Build configuration list for PBXProject "WeatherInfoApp" */;
			compatibilityVersion = "Xcode 9.3";
			developmentRegion = en;
			hasScannedForEncodings = 0;
			knownRegions = (
				en,
				Base,
			);
			mainGroup = F20C98B82386A4CE00D1B9DF;
			productRefGroup = F20C98C22386A4CE00D1B9DF /* Products */;
			projectDirPath = "";
			projectRoot = "";
			targets = (
				F20C98C02386A4CE00D1B9DF /* WeatherInfoApp */,
				F20C98D62386A4CF00D1B9DF /* WeatherInfoAppTests */,
				F20C98E12386A4CF00D1B9DF /* WeatherInfoAppUITests */,
			);
		};
/* End PBXProject section */

/* Begin PBXResourcesBuildPhase section */
		F20C98BF2386A4CE00D1B9DF /* Resources */ = {
			isa = PBXResourcesBuildPhase;
			buildActionMask = 2147483647;
			files = (
				F20C98D12386A4CF00D1B9DF /* LaunchScreen.storyboard in Resources */,
				F20C98CE2386A4CF00D1B9DF /* Assets.xcassets in Resources */,
				F20C98CC2386A4CE00D1B9DF /* Main.storyboard in Resources */,
			);
			runOnlyForDeploymentPostprocessing = 0;
		};
		F20C98D52386A4CF00D1B9DF /* Resources */ = {
			isa = PBXResourcesBuildPhase;
			buildActionMask = 2147483647;
			files = (
			);
			runOnlyForDeploymentPostprocessing = 0;
		};
		F20C98E02386A4CF00D1B9DF /* Resources */ = {
			isa = PBXResourcesBuildPhase;
			buildActionMask = 2147483647;
			files = (
			);
			runOnlyForDeploymentPostprocessing = 0;
		};
/* End PBXResourcesBuildPhase section */

/* Begin PBXSourcesBuildPhase section */
		F20C98BD2386A4CE00D1B9DF /* Sources */ = {
			isa = PBXSourcesBuildPhase;
			buildActionMask = 2147483647;
			files = (
				F20C98F52386A58700D1B9DF /* WeatherInfoCell.swift in Sources */,
				F20C98F72386A5BA00D1B9DF /* WeatherTableViewController.swift in Sources */,
				F20C98C52386A4CE00D1B9DF /* AppDelegate.swift in Sources */,
				F20C98FB2386A5FF00D1B9DF /* WeatherDetails.swift in Sources */,
				F20C98F92386A5DD00D1B9DF /* APIClient.swift in Sources */,
				F20C98C72386A4CE00D1B9DF /* SceneDelegate.swift in Sources */,
			);
			runOnlyForDeploymentPostprocessing = 0;
		};
		F20C98D32386A4CF00D1B9DF /* Sources */ = {
			isa = PBXSourcesBuildPhase;
			buildActionMask = 2147483647;
			files = (
				F20C98DC2386A4CF00D1B9DF /* WeatherInfoAppTests.swift in Sources */,
			);
			runOnlyForDeploymentPostprocessing = 0;
		};
		F20C98DE2386A4CF00D1B9DF /* Sources */ = {
			isa = PBXSourcesBuildPhase;
			buildActionMask = 2147483647;
			files = (
				F20C98E72386A4CF00D1B9DF /* WeatherInfoAppUITests.swift in Sources */,
			);
			runOnlyForDeploymentPostprocessing = 0;
		};
/* End PBXSourcesBuildPhase section */

/* Begin PBXTargetDependency section */
		F20C98D92386A4CF00D1B9DF /* PBXTargetDependency */ = {
			isa = PBXTargetDependency;
			target = F20C98C02386A4CE00D1B9DF /* WeatherInfoApp */;
			targetProxy = F20C98D82386A4CF00D1B9DF /* PBXContainerItemProxy */;
		};
		F20C98E42386A4CF00D1B9DF /* PBXTargetDependency */ = {
			isa = PBXTargetDependency;
			target = F20C98C02386A4CE00D1B9DF /* WeatherInfoApp */;
			targetProxy = F20C98E32386A4CF00D1B9DF /* PBXContainerItemProxy */;
		};
/* End PBXTargetDependency section */

/* Begin PBXVariantGroup section */
		F20C98CA2386A4CE00D1B9DF /* Main.storyboard */ = {
			isa = PBXVariantGroup;
			children = (
				F20C98CB2386A4CE00D1B9DF /* Base */,
			);
			name = Main.storyboard;
			sourceTree = "<group>";
		};
		F20C98CF2386A4CF00D1B9DF /* LaunchScreen.storyboard */ = {
			isa = PBXVariantGroup;
			children = (
				F20C98D02386A4CF00D1B9DF /* Base */,
			);
			name = LaunchScreen.storyboard;
			sourceTree = "<group>";
		};
/* End PBXVariantGroup section */

/* Begin XCBuildConfiguration section */
		F20C98E92386A4CF00D1B9DF /* Debug */ = {
			isa = XCBuildConfiguration;
			buildSettings = {
				ALWAYS_SEARCH_USER_PATHS = NO;
				CLANG_ANALYZER_NONNULL = YES;
				CLANG_ANALYZER_NUMBER_OBJECT_CONVERSION = YES_AGGRESSIVE;
				CLANG_CXX_LANGUAGE_STANDARD = "gnu++14";
				CLANG_CXX_LIBRARY = "libc++";
				CLANG_ENABLE_MODULES = YES;
				CLANG_ENABLE_OBJC_ARC = YES;
				CLANG_ENABLE_OBJC_WEAK = YES;
				CLANG_WARN_BLOCK_CAPTURE_AUTORELEASING = YES;
				CLANG_WARN_BOOL_CONVERSION = YES;
				CLANG_WARN_COMMA = YES;
				CLANG_WARN_CONSTANT_CONVERSION = YES;
				CLANG_WARN_DEPRECATED_OBJC_IMPLEMENTATIONS = YES;
				CLANG_WARN_DIRECT_OBJC_ISA_USAGE = YES_ERROR;
				CLANG_WARN_DOCUMENTATION_COMMENTS = YES;
				CLANG_WARN_EMPTY_BODY = YES;
				CLANG_WARN_ENUM_CONVERSION = YES;
				CLANG_WARN_INFINITE_RECURSION = YES;
				CLANG_WARN_INT_CONVERSION = YES;
				CLANG_WARN_NON_LITERAL_NULL_CONVERSION = YES;
				CLANG_WARN_OBJC_IMPLICIT_RETAIN_SELF = YES;
				CLANG_WARN_OBJC_LITERAL_CONVERSION = YES;
				CLANG_WARN_OBJC_ROOT_CLASS = YES_ERROR;
				CLANG_WARN_RANGE_LOOP_ANALYSIS = YES;
				CLANG_WARN_STRICT_PROTOTYPES = YES;
				CLANG_WARN_SUSPICIOUS_MOVE = YES;
				CLANG_WARN_UNGUARDED_AVAILABILITY = YES_AGGRESSIVE;
				CLANG_WARN_UNREACHABLE_CODE = YES;
				CLANG_WARN__DUPLICATE_METHOD_MATCH = YES;
				COPY_PHASE_STRIP = NO;
				DEBUG_INFORMATION_FORMAT = dwarf;
				ENABLE_STRICT_OBJC_MSGSEND = YES;
				ENABLE_TESTABILITY = YES;
				GCC_C_LANGUAGE_STANDARD = gnu11;
				GCC_DYNAMIC_NO_PIC = NO;
				GCC_NO_COMMON_BLOCKS = YES;
				GCC_OPTIMIZATION_LEVEL = 0;
				GCC_PREPROCESSOR_DEFINITIONS = (
					"DEBUG=1",
					"$(inherited)",
				);
				GCC_WARN_64_TO_32_BIT_CONVERSION = YES;
				GCC_WARN_ABOUT_RETURN_TYPE = YES_ERROR;
				GCC_WARN_UNDECLARED_SELECTOR = YES;
				GCC_WARN_UNINITIALIZED_AUTOS = YES_AGGRESSIVE;
				GCC_WARN_UNUSED_FUNCTION = YES;
				GCC_WARN_UNUSED_VARIABLE = YES;
				IPHONEOS_DEPLOYMENT_TARGET = 13.1;
				MTL_ENABLE_DEBUG_INFO = INCLUDE_SOURCE;
				MTL_FAST_MATH = YES;
				ONLY_ACTIVE_ARCH = YES;
				SDKROOT = iphoneos;
				SWIFT_ACTIVE_COMPILATION_CONDITIONS = DEBUG;
				SWIFT_OPTIMIZATION_LEVEL = "-Onone";
			};
			name = Debug;
		};
		F20C98EA2386A4CF00D1B9DF /* Release */ = {
			isa = XCBuildConfiguration;
			buildSettings = {
				ALWAYS_SEARCH_USER_PATHS = NO;
				CLANG_ANALYZER_NONNULL = YES;
				CLANG_ANALYZER_NUMBER_OBJECT_CONVERSION = YES_AGGRESSIVE;
				CLANG_CXX_LANGUAGE_STANDARD = "gnu++14";
				CLANG_CXX_LIBRARY = "libc++";
				CLANG_ENABLE_MODULES = YES;
				CLANG_ENABLE_OBJC_ARC = YES;
				CLANG_ENABLE_OBJC_WEAK = YES;
				CLANG_WARN_BLOCK_CAPTURE_AUTORELEASING = YES;
				CLANG_WARN_BOOL_CONVERSION = YES;
				CLANG_WARN_COMMA = YES;
				CLANG_WARN_CONSTANT_CONVERSION = YES;
				CLANG_WARN_DEPRECATED_OBJC_IMPLEMENTATIONS = YES;
				CLANG_WARN_DIRECT_OBJC_ISA_USAGE = YES_ERROR;
				CLANG_WARN_DOCUMENTATION_COMMENTS = YES;
				CLANG_WARN_EMPTY_BODY = YES;
				CLANG_WARN_ENUM_CONVERSION = YES;
				CLANG_WARN_INFINITE_RECURSION = YES;
				CLANG_WARN_INT_CONVERSION = YES;
				CLANG_WARN_NON_LITERAL_NULL_CONVERSION = YES;
				CLANG_WARN_OBJC_IMPLICIT_RETAIN_SELF = YES;
				CLANG_WARN_OBJC_LITERAL_CONVERSION = YES;
				CLANG_WARN_OBJC_ROOT_CLASS = YES_ERROR;
				CLANG_WARN_RANGE_LOOP_ANALYSIS = YES;
				CLANG_WARN_STRICT_PROTOTYPES = YES;
				CLANG_WARN_SUSPICIOUS_MOVE = YES;
				CLANG_WARN_UNGUARDED_AVAILABILITY = YES_AGGRESSIVE;
				CLANG_WARN_UNREACHABLE_CODE = YES;
				CLANG_WARN__DUPLICATE_METHOD_MATCH = YES;
				COPY_PHASE_STRIP = NO;
				DEBUG_INFORMATION_FORMAT = "dwarf-with-dsym";
				ENABLE_NS_ASSERTIONS = NO;
				ENABLE_STRICT_OBJC_MSGSEND = YES;
				GCC_C_LANGUAGE_STANDARD = gnu11;
				GCC_NO_COMMON_BLOCKS = YES;
				GCC_WARN_64_TO_32_BIT_CONVERSION = YES;
				GCC_WARN_ABOUT_RETURN_TYPE = YES_ERROR;
				GCC_WARN_UNDECLARED_SELECTOR = YES;
				GCC_WARN_UNINITIALIZED_AUTOS = YES_AGGRESSIVE;
				GCC_WARN_UNUSED_FUNCTION = YES;
				GCC_WARN_UNUSED_VARIABLE = YES;
				IPHONEOS_DEPLOYMENT_TARGET = 13.1;
				MTL_ENABLE_DEBUG_INFO = NO;
				MTL_FAST_MATH = YES;
				SDKROOT = iphoneos;
				SWIFT_COMPILATION_MODE = wholemodule;
				SWIFT_OPTIMIZATION_LEVEL = "-O";
				VALIDATE_PRODUCT = YES;
			};
			name = Release;
		};
		F20C98EC2386A4CF00D1B9DF /* Debug */ = {
			isa = XCBuildConfiguration;
			buildSettings = {
				ASSETCATALOG_COMPILER_APPICON_NAME = AppIcon;
				CODE_SIGN_STYLE = Automatic;
				DEVELOPMENT_TEAM = 5WZTE8Z63G;
				INFOPLIST_FILE = WeatherInfoApp/Info.plist;
				LD_RUNPATH_SEARCH_PATHS = (
					"$(inherited)",
					"@executable_path/Frameworks",
				);
				PRODUCT_BUNDLE_IDENTIFIER = com.owners.WeatherInfoApp;
				PRODUCT_NAME = "$(TARGET_NAME)";
				SWIFT_VERSION = 5.0;
				TARGETED_DEVICE_FAMILY = "1,2";
			};
			name = Debug;
		};
		F20C98ED2386A4CF00D1B9DF /* Release */ = {
			isa = XCBuildConfiguration;
			buildSettings = {
				ASSETCATALOG_COMPILER_APPICON_NAME = AppIcon;
				CODE_SIGN_STYLE = Automatic;
				DEVELOPMENT_TEAM = 5WZTE8Z63G;
				INFOPLIST_FILE = WeatherInfoApp/Info.plist;
				LD_RUNPATH_SEARCH_PATHS = (
					"$(inherited)",
					"@executable_path/Frameworks",
				);
				PRODUCT_BUNDLE_IDENTIFIER = com.owners.WeatherInfoApp;
				PRODUCT_NAME = "$(TARGET_NAME)";
				SWIFT_VERSION = 5.0;
				TARGETED_DEVICE_FAMILY = "1,2";
			};
			name = Release;
		};
		F20C98EF2386A4CF00D1B9DF /* Debug */ = {
			isa = XCBuildConfiguration;
			buildSettings = {
				ALWAYS_EMBED_SWIFT_STANDARD_LIBRARIES = YES;
				BUNDLE_LOADER = "$(TEST_HOST)";
				CODE_SIGN_STYLE = Automatic;
				DEVELOPMENT_TEAM = 5WZTE8Z63G;
				INFOPLIST_FILE = WeatherInfoAppTests/Info.plist;
				IPHONEOS_DEPLOYMENT_TARGET = 13.1;
				LD_RUNPATH_SEARCH_PATHS = (
					"$(inherited)",
					"@executable_path/Frameworks",
					"@loader_path/Frameworks",
				);
				PRODUCT_BUNDLE_IDENTIFIER = com.owners.WeatherInfoAppTests;
				PRODUCT_NAME = "$(TARGET_NAME)";
				SWIFT_VERSION = 5.0;
				TARGETED_DEVICE_FAMILY = "1,2";
				TEST_HOST = "$(BUILT_PRODUCTS_DIR)/WeatherInfoApp.app/WeatherInfoApp";
			};
			name = Debug;
		};
		F20C98F02386A4CF00D1B9DF /* Release */ = {
			isa = XCBuildConfiguration;
			buildSettings = {
				ALWAYS_EMBED_SWIFT_STANDARD_LIBRARIES = YES;
				BUNDLE_LOADER = "$(TEST_HOST)";
				CODE_SIGN_STYLE = Automatic;
				DEVELOPMENT_TEAM = 5WZTE8Z63G;
				INFOPLIST_FILE = WeatherInfoAppTests/Info.plist;
				IPHONEOS_DEPLOYMENT_TARGET = 13.1;
				LD_RUNPATH_SEARCH_PATHS = (
					"$(inherited)",
					"@executable_path/Frameworks",
					"@loader_path/Frameworks",
				);
				PRODUCT_BUNDLE_IDENTIFIER = com.owners.WeatherInfoAppTests;
				PRODUCT_NAME = "$(TARGET_NAME)";
				SWIFT_VERSION = 5.0;
				TARGETED_DEVICE_FAMILY = "1,2";
				TEST_HOST = "$(BUILT_PRODUCTS_DIR)/WeatherInfoApp.app/WeatherInfoApp";
			};
			name = Release;
		};
		F20C98F22386A4CF00D1B9DF /* Debug */ = {
			isa = XCBuildConfiguration;
			buildSettings = {
				ALWAYS_EMBED_SWIFT_STANDARD_LIBRARIES = YES;
				CODE_SIGN_STYLE = Automatic;
				DEVELOPMENT_TEAM = 5WZTE8Z63G;
				INFOPLIST_FILE = WeatherInfoAppUITests/Info.plist;
				LD_RUNPATH_SEARCH_PATHS = (
					"$(inherited)",
					"@executable_path/Frameworks",
					"@loader_path/Frameworks",
				);
				PRODUCT_BUNDLE_IDENTIFIER = com.owners.WeatherInfoAppUITests;
				PRODUCT_NAME = "$(TARGET_NAME)";
				SWIFT_VERSION = 5.0;
				TARGETED_DEVICE_FAMILY = "1,2";
				TEST_TARGET_NAME = WeatherInfoApp;
			};
			name = Debug;
		};
		F20C98F32386A4CF00D1B9DF /* Release */ = {
			isa = XCBuildConfiguration;
			buildSettings = {
				ALWAYS_EMBED_SWIFT_STANDARD_LIBRARIES = YES;
				CODE_SIGN_STYLE = Automatic;
				DEVELOPMENT_TEAM = 5WZTE8Z63G;
				INFOPLIST_FILE = WeatherInfoAppUITests/Info.plist;
				LD_RUNPATH_SEARCH_PATHS = (
					"$(inherited)",
					"@executable_path/Frameworks",
					"@loader_path/Frameworks",
				);
				PRODUCT_BUNDLE_IDENTIFIER = com.owners.WeatherInfoAppUITests;
				PRODUCT_NAME = "$(TARGET_NAME)";
				SWIFT_VERSION = 5.0;
				TARGETED_DEVICE_FAMILY = "1,2";
				TEST_TARGET_NAME = WeatherInfoApp;
			};
			name = Release;
		};
/* End XCBuildConfiguration section */

/* Begin XCConfigurationList section */
		F20C98BC2386A4CE00D1B9DF /* Build configuration list for PBXProject "WeatherInfoApp" */ = {
			isa = XCConfigurationList;
			buildConfigurations = (
				F20C98E92386A4CF00D1B9DF /* Debug */,
				F20C98EA2386A4CF00D1B9DF /* Release */,
			);
			defaultConfigurationIsVisible = 0;
			defaultConfigurationName = Release;
		};
		F20C98EB2386A4CF00D1B9DF /* Build configuration list for PBXNativeTarget "WeatherInfoApp" */ = {
			isa = XCConfigurationList;
			buildConfigurations = (
				F20C98EC2386A4CF00D1B9DF /* Debug */,
				F20C98ED2386A4CF00D1B9DF /* Release */,
			);
			defaultConfigurationIsVisible = 0;
			defaultConfigurationName = Release;
		};
		F20C98EE2386A4CF00D1B9DF /* Build configuration list for PBXNativeTarget "WeatherInfoAppTests" */ = {
			isa = XCConfigurationList;
			buildConfigurations = (
				F20C98EF2386A4CF00D1B9DF /* Debug */,
				F20C98F02386A4CF00D1B9DF /* Release */,
			);
			defaultConfigurationIsVisible = 0;
			defaultConfigurationName = Release;
		};
		F20C98F12386A4CF00D1B9DF /* Build configuration list for PBXNativeTarget "WeatherInfoAppUITests" */ = {
			isa = XCConfigurationList;
			buildConfigurations = (
				F20C98F22386A4CF00D1B9DF /* Debug */,
				F20C98F32386A4CF00D1B9DF /* Release */,
			);
			defaultConfigurationIsVisible = 0;
			defaultConfigurationName = Release;
		};
/* End XCConfigurationList section */
	};
	rootObject = F20C98B92386A4CE00D1B9DF /* Project object */;
}
